// !$*UTF8*$!
{
	archiveVersion = 1;
	classes = {
	};
	objectVersion = 56;
	objects = {

/* Begin PBXBuildFile section */
		7A7B9F0A298C7CA500B5C639 /* AppDelegate.swift in Sources */ = {isa = PBXBuildFile; fileRef = 7A7B9F09298C7CA500B5C639 /* AppDelegate.swift */; };
		7A7B9F0C298C7CA500B5C639 /* SceneDelegate.swift in Sources */ = {isa = PBXBuildFile; fileRef = 7A7B9F0B298C7CA500B5C639 /* SceneDelegate.swift */; };
		7A7B9F0E298C7CA500B5C639 /* ViewController.swift in Sources */ = {isa = PBXBuildFile; fileRef = 7A7B9F0D298C7CA500B5C639 /* ViewController.swift */; };
		7A7B9F11298C7CA500B5C639 /* Main.storyboard in Resources */ = {isa = PBXBuildFile; fileRef = 7A7B9F0F298C7CA500B5C639 /* Main.storyboard */; };
		7A7B9F13298C7CA700B5C639 /* Assets.xcassets in Resources */ = {isa = PBXBuildFile; fileRef = 7A7B9F12298C7CA700B5C639 /* Assets.xcassets */; };
		7A7B9F16298C7CA700B5C639 /* LaunchScreen.storyboard in Resources */ = {isa = PBXBuildFile; fileRef = 7A7B9F14298C7CA700B5C639 /* LaunchScreen.storyboard */; };
		7A7B9F1E298C831C00B5C639 /* ImageMapOverlayView.swift in Sources */ = {isa = PBXBuildFile; fileRef = 7A7B9F1D298C831C00B5C639 /* ImageMapOverlayView.swift */; };
		7A7B9F20298C835500B5C639 /* ImageMapOverlay.swift in Sources */ = {isa = PBXBuildFile; fileRef = 7A7B9F1F298C835500B5C639 /* ImageMapOverlay.swift */; };
/* End PBXBuildFile section */

/* Begin PBXFileReference section */
		7A7B9F06298C7CA500B5C639 /* MapOverlayEditor.app */ = {isa = PBXFileReference; explicitFileType = wrapper.application; includeInIndex = 0; path = MapOverlayEditor.app; sourceTree = BUILT_PRODUCTS_DIR; };
		7A7B9F09298C7CA500B5C639 /* AppDelegate.swift */ = {isa = PBXFileReference; lastKnownFileType = sourcecode.swift; path = AppDelegate.swift; sourceTree = "<group>"; };
		7A7B9F0B298C7CA500B5C639 /* SceneDelegate.swift */ = {isa = PBXFileReference; lastKnownFileType = sourcecode.swift; path = SceneDelegate.swift; sourceTree = "<group>"; };
		7A7B9F0D298C7CA500B5C639 /* ViewController.swift */ = {isa = PBXFileReference; lastKnownFileType = sourcecode.swift; path = ViewController.swift; sourceTree = "<group>"; };
		7A7B9F10298C7CA500B5C639 /* Base */ = {isa = PBXFileReference; lastKnownFileType = file.storyboard; name = Base; path = Base.lproj/Main.storyboard; sourceTree = "<group>"; };
		7A7B9F12298C7CA700B5C639 /* Assets.xcassets */ = {isa = PBXFileReference; lastKnownFileType = folder.assetcatalog; path = Assets.xcassets; sourceTree = "<group>"; };
		7A7B9F15298C7CA700B5C639 /* Base */ = {isa = PBXFileReference; lastKnownFileType = file.storyboard; name = Base; path = Base.lproj/LaunchScreen.storyboard; sourceTree = "<group>"; };
		7A7B9F17298C7CA700B5C639 /* Info.plist */ = {isa = PBXFileReference; lastKnownFileType = text.plist.xml; path = Info.plist; sourceTree = "<group>"; };
		7A7B9F1D298C831C00B5C639 /* ImageMapOverlayView.swift */ = {isa = PBXFileReference; lastKnownFileType = sourcecode.swift; path = ImageMapOverlayView.swift; sourceTree = "<group>"; };
		7A7B9F1F298C835500B5C639 /* ImageMapOverlay.swift */ = {isa = PBXFileReference; lastKnownFileType = sourcecode.swift; path = ImageMapOverlay.swift; sourceTree = "<group>"; };
/* End PBXFileReference section */

/* Begin PBXFrameworksBuildPhase section */
		7A7B9F03298C7CA500B5C639 /* Frameworks */ = {
			isa = PBXFrameworksBuildPhase;
			buildActionMask = 2147483647;
			files = (
			);
			runOnlyForDeploymentPostprocessing = 0;
		};
/* End PBXFrameworksBuildPhase section */

/* Begin PBXGroup section */
		7A7B9EFD298C7CA500B5C639 = {
			isa = PBXGroup;
			children = (
				7A7B9F08298C7CA500B5C639 /* MapOverlayEditor */,
				7A7B9F07298C7CA500B5C639 /* Products */,
			);
			sourceTree = "<group>";
		};
		7A7B9F07298C7CA500B5C639 /* Products */ = {
			isa = PBXGroup;
			children = (
				7A7B9F06298C7CA500B5C639 /* MapOverlayEditor.app */,
			);
			name = Products;
			sourceTree = "<group>";
		};
		7A7B9F08298C7CA500B5C639 /* MapOverlayEditor */ = {
			isa = PBXGroup;
			children = (
				7A7B9F09298C7CA500B5C639 /* AppDelegate.swift */,
				7A7B9F0B298C7CA500B5C639 /* SceneDelegate.swift */,
				7A7B9F0D298C7CA500B5C639 /* ViewController.swift */,
				7A7B9F1D298C831C00B5C639 /* ImageMapOverlayView.swift */,
				7A7B9F1F298C835500B5C639 /* ImageMapOverlay.swift */,
				7A7B9F0F298C7CA500B5C639 /* Main.storyboard */,
				7A7B9F12298C7CA700B5C639 /* Assets.xcassets */,
				7A7B9F14298C7CA700B5C639 /* LaunchScreen.storyboard */,
				7A7B9F17298C7CA700B5C639 /* Info.plist */,
			);
			path = MapOverlayEditor;
			sourceTree = "<group>";
		};
/* End PBXGroup section */

/* Begin PBXNativeTarget section */
		7A7B9F05298C7CA500B5C639 /* MapOverlayEditor */ = {
			isa = PBXNativeTarget;
			buildConfigurationList = 7A7B9F1A298C7CA700B5C639 /* Build configuration list for PBXNativeTarget "MapOverlayEditor" */;
			buildPhases = (
				7A7B9F02298C7CA500B5C639 /* Sources */,
				7A7B9F03298C7CA500B5C639 /* Frameworks */,
				7A7B9F04298C7CA500B5C639 /* Resources */,
			);
			buildRules = (
			);
			dependencies = (
			);
			name = MapOverlayEditor;
			productName = MapOverlayEditor;
			productReference = 7A7B9F06298C7CA500B5C639 /* MapOverlayEditor.app */;
			productType = "com.apple.product-type.application";
		};
/* End PBXNativeTarget section */

/* Begin PBXProject section */
		7A7B9EFE298C7CA500B5C639 /* Project object */ = {
			isa = PBXProject;
			attributes = {
				BuildIndependentTargetsInParallel = 1;
				LastSwiftUpdateCheck = 1420;
				LastUpgradeCheck = 1420;
				TargetAttributes = {
					7A7B9F05298C7CA500B5C639 = {
						CreatedOnToolsVersion = 14.2;
					};
				};
			};
			buildConfigurationList = 7A7B9F01298C7CA500B5C639 /* Build configuration list for PBXProject "MapOverlayEditor" */;
			compatibilityVersion = "Xcode 14.0";
			developmentRegion = en;
			hasScannedForEncodings = 0;
			knownRegions = (
				en,
				Base,
			);
			mainGroup = 7A7B9EFD298C7CA500B5C639;
			productRefGroup = 7A7B9F07298C7CA500B5C639 /* Products */;
			projectDirPath = "";
			projectRoot = "";
			targets = (
				7A7B9F05298C7CA500B5C639 /* MapOverlayEditor */,
			);
		};
/* End PBXProject section */

/* Begin PBXResourcesBuildPhase section */
		7A7B9F04298C7CA500B5C639 /* Resources */ = {
			isa = PBXResourcesBuildPhase;
			buildActionMask = 2147483647;
			files = (
				7A7B9F16298C7CA700B5C639 /* LaunchScreen.storyboard in Resources */,
				7A7B9F13298C7CA700B5C639 /* Assets.xcassets in Resources */,
				7A7B9F11298C7CA500B5C639 /* Main.storyboard in Resources */,
			);
			runOnlyForDeploymentPostprocessing = 0;
		};
/* End PBXResourcesBuildPhase section */

/* Begin PBXSourcesBuildPhase section */
		7A7B9F02298C7CA500B5C639 /* Sources */ = {
			isa = PBXSourcesBuildPhase;
			buildActionMask = 2147483647;
			files = (
				7A7B9F20298C835500B5C639 /* ImageMapOverlay.swift in Sources */,
				7A7B9F0E298C7CA500B5C639 /* ViewController.swift in Sources */,
				7A7B9F0A298C7CA500B5C639 /* AppDelegate.swift in Sources */,
				7A7B9F1E298C831C00B5C639 /* ImageMapOverlayView.swift in Sources */,
				7A7B9F0C298C7CA500B5C639 /* SceneDelegate.swift in Sources */,
			);
			runOnlyForDeploymentPostprocessing = 0;
		};
/* End PBXSourcesBuildPhase section */

/* Begin PBXVariantGroup section */
		7A7B9F0F298C7CA500B5C639 /* Main.storyboard */ = {
			isa = PBXVariantGroup;
			children = (
				7A7B9F10298C7CA500B5C639 /* Base */,
			);
			name = Main.storyboard;
			sourceTree = "<group>";
		};
		7A7B9F14298C7CA700B5C639 /* LaunchScreen.storyboard */ = {
			isa = PBXVariantGroup;
			children = (
				7A7B9F15298C7CA700B5C639 /* Base */,
			);
			name = LaunchScreen.storyboard;
			sourceTree = "<group>";
		};
/* End PBXVariantGroup section */

/* Begin XCBuildConfiguration section */
		7A7B9F18298C7CA700B5C639 /* Debug */ = {
			isa = XCBuildConfiguration;
			buildSettings = {
				ALWAYS_SEARCH_USER_PATHS = NO;
				CLANG_ANALYZER_NONNULL = YES;
				CLANG_ANALYZER_NUMBER_OBJECT_CONVERSION = YES_AGGRESSIVE;
				CLANG_CXX_LANGUAGE_STANDARD = "gnu++20";
				CLANG_ENABLE_MODULES = YES;
				CLANG_ENABLE_OBJC_ARC = YES;
				CLANG_ENABLE_OBJC_WEAK = YES;
				CLANG_WARN_BLOCK_CAPTURE_AUTORELEASING = YES;
				CLANG_WARN_BOOL_CONVERSION = YES;
				CLANG_WARN_COMMA = YES;
				CLANG_WARN_CONSTANT_CONVERSION = YES;
				CLANG_WARN_DEPRECATED_OBJC_IMPLEMENTATIONS = YES;
				CLANG_WARN_DIRECT_OBJC_ISA_USAGE = YES_ERROR;
				CLANG_WARN_DOCUMENTATION_COMMENTS = YES;
				CLANG_WARN_EMPTY_BODY = YES;
				CLANG_WARN_ENUM_CONVERSION = YES;
				CLANG_WARN_INFINITE_RECURSION = YES;
				CLANG_WARN_INT_CONVERSION = YES;
				CLANG_WARN_NON_LITERAL_NULL_CONVERSION = YES;
				CLANG_WARN_OBJC_IMPLICIT_RETAIN_SELF = YES;
				CLANG_WARN_OBJC_LITERAL_CONVERSION = YES;
				CLANG_WARN_OBJC_ROOT_CLASS = YES_ERROR;
				CLANG_WARN_QUOTED_INCLUDE_IN_FRAMEWORK_HEADER = YES;
				CLANG_WARN_RANGE_LOOP_ANALYSIS = YES;
				CLANG_WARN_STRICT_PROTOTYPES = YES;
				CLANG_WARN_SUSPICIOUS_MOVE = YES;
				CLANG_WARN_UNGUARDED_AVAILABILITY = YES_AGGRESSIVE;
				CLANG_WARN_UNREACHABLE_CODE = YES;
				CLANG_WARN__DUPLICATE_METHOD_MATCH = YES;
				COPY_PHASE_STRIP = NO;
				DEBUG_INFORMATION_FORMAT = dwarf;
				ENABLE_STRICT_OBJC_MSGSEND = YES;
				ENABLE_TESTABILITY = YES;
				GCC_C_LANGUAGE_STANDARD = gnu11;
				GCC_DYNAMIC_NO_PIC = NO;
				GCC_NO_COMMON_BLOCKS = YES;
				GCC_OPTIMIZATION_LEVEL = 0;
				GCC_PREPROCESSOR_DEFINITIONS = (
					"DEBUG=1",
					"$(inherited)",
				);
				GCC_WARN_64_TO_32_BIT_CONVERSION = YES;
				GCC_WARN_ABOUT_RETURN_TYPE = YES_ERROR;
				GCC_WARN_UNDECLARED_SELECTOR = YES;
				GCC_WARN_UNINITIALIZED_AUTOS = YES_AGGRESSIVE;
				GCC_WARN_UNUSED_FUNCTION = YES;
				GCC_WARN_UNUSED_VARIABLE = YES;
				IPHONEOS_DEPLOYMENT_TARGET = 16.2;
				MTL_ENABLE_DEBUG_INFO = INCLUDE_SOURCE;
				MTL_FAST_MATH = YES;
				ONLY_ACTIVE_ARCH = YES;
				SDKROOT = iphoneos;
				SWIFT_ACTIVE_COMPILATION_CONDITIONS = DEBUG;
				SWIFT_OPTIMIZATION_LEVEL = "-Onone";
			};
			name = Debug;
		};
		7A7B9F19298C7CA700B5C639 /* Release */ = {
			isa = XCBuildConfiguration;
			buildSettings = {
				ALWAYS_SEARCH_USER_PATHS = NO;
				CLANG_ANALYZER_NONNULL = YES;
				CLANG_ANALYZER_NUMBER_OBJECT_CONVERSION = YES_AGGRESSIVE;
				CLANG_CXX_LANGUAGE_STANDARD = "gnu++20";
				CLANG_ENABLE_MODULES = YES;
				CLANG_ENABLE_OBJC_ARC = YES;
				CLANG_ENABLE_OBJC_WEAK = YES;
				CLANG_WARN_BLOCK_CAPTURE_AUTORELEASING = YES;
				CLANG_WARN_BOOL_CONVERSION = YES;
				CLANG_WARN_COMMA = YES;
				CLANG_WARN_CONSTANT_CONVERSION = YES;
				CLANG_WARN_DEPRECATED_OBJC_IMPLEMENTATIONS = YES;
				CLANG_WARN_DIRECT_OBJC_ISA_USAGE = YES_ERROR;
				CLANG_WARN_DOCUMENTATION_COMMENTS = YES;
				CLANG_WARN_EMPTY_BODY = YES;
				CLANG_WARN_ENUM_CONVERSION = YES;
				CLANG_WARN_INFINITE_RECURSION = YES;
				CLANG_WARN_INT_CONVERSION = YES;
				CLANG_WARN_NON_LITERAL_NULL_CONVERSION = YES;
				CLANG_WARN_OBJC_IMPLICIT_RETAIN_SELF = YES;
				CLANG_WARN_OBJC_LITERAL_CONVERSION = YES;
				CLANG_WARN_OBJC_ROOT_CLASS = YES_ERROR;
				CLANG_WARN_QUOTED_INCLUDE_IN_FRAMEWORK_HEADER = YES;
				CLANG_WARN_RANGE_LOOP_ANALYSIS = YES;
				CLANG_WARN_STRICT_PROTOTYPES = YES;
				CLANG_WARN_SUSPICIOUS_MOVE = YES;
				CLANG_WARN_UNGUARDED_AVAILABILITY = YES_AGGRESSIVE;
				CLANG_WARN_UNREACHABLE_CODE = YES;
				CLANG_WARN__DUPLICATE_METHOD_MATCH = YES;
				COPY_PHASE_STRIP = NO;
				DEBUG_INFORMATION_FORMAT = "dwarf-with-dsym";
				ENABLE_NS_ASSERTIONS = NO;
				ENABLE_STRICT_OBJC_MSGSEND = YES;
				GCC_C_LANGUAGE_STANDARD = gnu11;
				GCC_NO_COMMON_BLOCKS = YES;
				GCC_WARN_64_TO_32_BIT_CONVERSION = YES;
				GCC_WARN_ABOUT_RETURN_TYPE = YES_ERROR;
				GCC_WARN_UNDECLARED_SELECTOR = YES;
				GCC_WARN_UNINITIALIZED_AUTOS = YES_AGGRESSIVE;
				GCC_WARN_UNUSED_FUNCTION = YES;
				GCC_WARN_UNUSED_VARIABLE = YES;
				IPHONEOS_DEPLOYMENT_TARGET = 16.2;
				MTL_ENABLE_DEBUG_INFO = NO;
				MTL_FAST_MATH = YES;
				SDKROOT = iphoneos;
				SWIFT_COMPILATION_MODE = wholemodule;
				SWIFT_OPTIMIZATION_LEVEL = "-O";
				VALIDATE_PRODUCT = YES;
			};
			name = Release;
		};
		7A7B9F1B298C7CA700B5C639 /* Debug */ = {
			isa = XCBuildConfiguration;
			buildSettings = {
				ASSETCATALOG_COMPILER_APPICON_NAME = AppIcon;
				ASSETCATALOG_COMPILER_GLOBAL_ACCENT_COLOR_NAME = AccentColor;
				CODE_SIGN_STYLE = Automatic;
				CURRENT_PROJECT_VERSION = 1;
				DEVELOPMENT_TEAM = GE52T476WJ;
				GENERATE_INFOPLIST_FILE = YES;
				INFOPLIST_FILE = MapOverlayEditor/Info.plist;
				INFOPLIST_KEY_CFBundleDisplayName = OverlayEditor;
				INFOPLIST_KEY_UIApplicationSupportsIndirectInputEvents = YES;
				INFOPLIST_KEY_UILaunchStoryboardName = LaunchScreen;
				INFOPLIST_KEY_UIMainStoryboardFile = Main;
				INFOPLIST_KEY_UISupportedInterfaceOrientations_iPad = "UIInterfaceOrientationPortrait UIInterfaceOrientationPortraitUpsideDown UIInterfaceOrientationLandscapeLeft UIInterfaceOrientationLandscapeRight";
				INFOPLIST_KEY_UISupportedInterfaceOrientations_iPhone = "UIInterfaceOrientationPortrait UIInterfaceOrientationLandscapeLeft UIInterfaceOrientationLandscapeRight";
				IPHONEOS_DEPLOYMENT_TARGET = 16.1;
				LD_RUNPATH_SEARCH_PATHS = (
					"$(inherited)",
					"@executable_path/Frameworks",
				);
				MARKETING_VERSION = 1.0;
				PRODUCT_BUNDLE_IDENTIFIER = com.jacksonjude.MapOverlayEditor;
				PRODUCT_NAME = "$(TARGET_NAME)";
				SWIFT_EMIT_LOC_STRINGS = YES;
				SWIFT_VERSION = 5.0;
				TARGETED_DEVICE_FAMILY = "1,2";
			};
			name = Debug;
		};
		7A7B9F1C298C7CA700B5C639 /* Release */ = {
			isa = XCBuildConfiguration;
			buildSettings = {
				ASSETCATALOG_COMPILER_APPICON_NAME = AppIcon;
				ASSETCATALOG_COMPILER_GLOBAL_ACCENT_COLOR_NAME = AccentColor;
				CODE_SIGN_STYLE = Automatic;
				CURRENT_PROJECT_VERSION = 1;
				DEVELOPMENT_TEAM = GE52T476WJ;
				GENERATE_INFOPLIST_FILE = YES;
				INFOPLIST_FILE = MapOverlayEditor/Info.plist;
				INFOPLIST_KEY_CFBundleDisplayName = OverlayEditor;
				INFOPLIST_KEY_UIApplicationSupportsIndirectInputEvents = YES;
				INFOPLIST_KEY_UILaunchStoryboardName = LaunchScreen;
				INFOPLIST_KEY_UIMainStoryboardFile = Main;
				INFOPLIST_KEY_UISupportedInterfaceOrientations_iPad = "UIInterfaceOrientationPortrait UIInterfaceOrientationPortraitUpsideDown UIInterfaceOrientationLandscapeLeft UIInterfaceOrientationLandscapeRight";
				INFOPLIST_KEY_UISupportedInterfaceOrientations_iPhone = "UIInterfaceOrientationPortrait UIInterfaceOrientationLandscapeLeft UIInterfaceOrientationLandscapeRight";
				IPHONEOS_DEPLOYMENT_TARGET = 16.1;
				LD_RUNPATH_SEARCH_PATHS = (
					"$(inherited)",
					"@executable_path/Frameworks",
				);
				MARKETING_VERSION = 1.0;
				PRODUCT_BUNDLE_IDENTIFIER = com.jacksonjude.MapOverlayEditor;
				PRODUCT_NAME = "$(TARGET_NAME)";
				SWIFT_EMIT_LOC_STRINGS = YES;
				SWIFT_VERSION = 5.0;
				TARGETED_DEVICE_FAMILY = "1,2";
			};
			name = Release;
		};
/* End XCBuildConfiguration section */

/* Begin XCConfigurationList section */
		7A7B9F01298C7CA500B5C639 /* Build configuration list for PBXProject "MapOverlayEditor" */ = {
			isa = XCConfigurationList;
			buildConfigurations = (
				7A7B9F18298C7CA700B5C639 /* Debug */,
				7A7B9F19298C7CA700B5C639 /* Release */,
			);
			defaultConfigurationIsVisible = 0;
			defaultConfigurationName = Release;
		};
		7A7B9F1A298C7CA700B5C639 /* Build configuration list for PBXNativeTarget "MapOverlayEditor" */ = {
			isa = XCConfigurationList;
			buildConfigurations = (
				7A7B9F1B298C7CA700B5C639 /* Debug */,
				7A7B9F1C298C7CA700B5C639 /* Release */,
			);
			defaultConfigurationIsVisible = 0;
			defaultConfigurationName = Release;
		};
/* End XCConfigurationList section */
	};
	rootObject = 7A7B9EFE298C7CA500B5C639 /* Project object */;
}
